
Microsoft Visual Studio Solution File, Format Version 12.00
# Visual Studio 15
VisualStudioVersion = 15.0.28010.2046
MinimumVisualStudioVersion = 10.0.40219.1
Project("{FAE04EC0-301F-11D3-BF4B-00C04F79EFBC}") = "Cadastros", "Cadastros\Cadastros.csproj", "{A90F93A0-875B-4B61-89A4-09C809C6652E}"
EndProject
Global
	GlobalSection(SolutionConfigurationPlatforms) = preSolution
		Debug|Any CPU = Debug|Any CPU
		Release|Any CPU = Release|Any CPU
	EndGlobalSection
	GlobalSection(ProjectConfigurationPlatforms) = postSolution
		{A90F93A0-875B-4B61-89A4-09C809C6652E}.Debug|Any CPU.ActiveCfg = Debug|Any CPU
		{A90F93A0-875B-4B61-89A4-09C809C6652E}.Debug|Any CPU.Build.0 = Debug|Any CPU
		{A90F93A0-875B-4B61-89A4-09C809C6652E}.Release|Any CPU.ActiveCfg = Release|Any CPU
		{A90F93A0-875B-4B61-89A4-09C809C6652E}.Release|Any CPU.Build.0 = Release|Any CPU
	EndGlobalSection
	GlobalSection(SolutionProperties) = preSolution
		HideSolutionNode = FALSE
	EndGlobalSection
	GlobalSection(ExtensibilityGlobals) = postSolution
		SolutionGuid = {13425B51-A7B4-4A77-9EE2-A16C2E9DF2EF}
	EndGlobalSection
EndGlobal
